
Microsoft Visual Studio Solution File, Format Version 12.00
# Visual Studio 14
VisualStudioVersion = 14.0.25420.1
MinimumVisualStudioVersion = 10.0.40219.1
Project("{FAE04EC0-301F-11D3-BF4B-00C04F79EFBC}") = "XamarinFormsApp", "XamarinFormsApp\XamarinFormsApp\XamarinFormsApp.csproj", "{1AD1CF10-6751-496A-A8BE-7176249BFFC1}"
EndProject
Project("{FAE04EC0-301F-11D3-BF4B-00C04F79EFBC}") = "XamarinFormsApp.Droid", "XamarinFormsApp\XamarinFormsApp.Droid\XamarinFormsApp.Droid.csproj", "{FAA24436-99AF-4D80-B988-173A6F0EC123}"
EndProject
Project("{FAE04EC0-301F-11D3-BF4B-00C04F79EFBC}") = "Test.RestClient", "Test.RestClient\Test.RestClient.csproj", "{DC023E8E-0A50-44B4-88FF-768437D8ED53}"
EndProject
Project("{FAE04EC0-301F-11D3-BF4B-00C04F79EFBC}") = "XamarinFormsApp.iOS", "XamarinFormsApp\XamarinFormsApp.iOS\XamarinFormsApp.iOS.csproj", "{40E5CE06-DBB8-4963-B7AF-A8D8D367B2F4}"
EndProject
Global
	GlobalSection(SolutionConfigurationPlatforms) = preSolution
		Ad-Hoc|Any CPU = Ad-Hoc|Any CPU
		Ad-Hoc|iPhone = Ad-Hoc|iPhone
		Ad-Hoc|iPhoneSimulator = Ad-Hoc|iPhoneSimulator
		Ad-Hoc|Mixed Platforms = Ad-Hoc|Mixed Platforms
		AppStore|Any CPU = AppStore|Any CPU
		AppStore|iPhone = AppStore|iPhone
		AppStore|iPhoneSimulator = AppStore|iPhoneSimulator
		AppStore|Mixed Platforms = AppStore|Mixed Platforms
		Debug|Any CPU = Debug|Any CPU
		Debug|iPhone = Debug|iPhone
		Debug|iPhoneSimulator = Debug|iPhoneSimulator
		Debug|Mixed Platforms = Debug|Mixed Platforms
		Release|Any CPU = Release|Any CPU
		Release|iPhone = Release|iPhone
		Release|iPhoneSimulator = Release|iPhoneSimulator
		Release|Mixed Platforms = Release|Mixed Platforms
	EndGlobalSection
	GlobalSection(ProjectConfigurationPlatforms) = postSolution
		{1AD1CF10-6751-496A-A8BE-7176249BFFC1}.Ad-Hoc|Any CPU.ActiveCfg = Release|Any CPU
		{1AD1CF10-6751-496A-A8BE-7176249BFFC1}.Ad-Hoc|Any CPU.Build.0 = Release|Any CPU
		{1AD1CF10-6751-496A-A8BE-7176249BFFC1}.Ad-Hoc|iPhone.ActiveCfg = Release|Any CPU
		{1AD1CF10-6751-496A-A8BE-7176249BFFC1}.Ad-Hoc|iPhoneSimulator.ActiveCfg = Release|Any CPU
		{1AD1CF10-6751-496A-A8BE-7176249BFFC1}.Ad-Hoc|Mixed Platforms.ActiveCfg = Release|Any CPU
		{1AD1CF10-6751-496A-A8BE-7176249BFFC1}.Ad-Hoc|Mixed Platforms.Build.0 = Release|Any CPU
		{1AD1CF10-6751-496A-A8BE-7176249BFFC1}.AppStore|Any CPU.ActiveCfg = Release|Any CPU
		{1AD1CF10-6751-496A-A8BE-7176249BFFC1}.AppStore|Any CPU.Build.0 = Release|Any CPU
		{1AD1CF10-6751-496A-A8BE-7176249BFFC1}.AppStore|iPhone.ActiveCfg = Release|Any CPU
		{1AD1CF10-6751-496A-A8BE-7176249BFFC1}.AppStore|iPhoneSimulator.ActiveCfg = Release|Any CPU
		{1AD1CF10-6751-496A-A8BE-7176249BFFC1}.AppStore|Mixed Platforms.ActiveCfg = Release|Any CPU
		{1AD1CF10-6751-496A-A8BE-7176249BFFC1}.AppStore|Mixed Platforms.Build.0 = Release|Any CPU
		{1AD1CF10-6751-496A-A8BE-7176249BFFC1}.Debug|Any CPU.ActiveCfg = Debug|Any CPU
		{1AD1CF10-6751-496A-A8BE-7176249BFFC1}.Debug|Any CPU.Build.0 = Debug|Any CPU
		{1AD1CF10-6751-496A-A8BE-7176249BFFC1}.Debug|iPhone.ActiveCfg = Debug|Any CPU
		{1AD1CF10-6751-496A-A8BE-7176249BFFC1}.Debug|iPhoneSimulator.ActiveCfg = Debug|Any CPU
		{1AD1CF10-6751-496A-A8BE-7176249BFFC1}.Debug|Mixed Platforms.ActiveCfg = Debug|Any CPU
		{1AD1CF10-6751-496A-A8BE-7176249BFFC1}.Debug|Mixed Platforms.Build.0 = Debug|Any CPU
		{1AD1CF10-6751-496A-A8BE-7176249BFFC1}.Release|Any CPU.ActiveCfg = Release|Any CPU
		{1AD1CF10-6751-496A-A8BE-7176249BFFC1}.Release|Any CPU.Build.0 = Release|Any CPU
		{1AD1CF10-6751-496A-A8BE-7176249BFFC1}.Release|iPhone.ActiveCfg = Release|Any CPU
		{1AD1CF10-6751-496A-A8BE-7176249BFFC1}.Release|iPhoneSimulator.ActiveCfg = Release|Any CPU
		{1AD1CF10-6751-496A-A8BE-7176249BFFC1}.Release|Mixed Platforms.ActiveCfg = Release|Any CPU
		{1AD1CF10-6751-496A-A8BE-7176249BFFC1}.Release|Mixed Platforms.Build.0 = Release|Any CPU
		{FAA24436-99AF-4D80-B988-173A6F0EC123}.Ad-Hoc|Any CPU.ActiveCfg = Release|Any CPU
		{FAA24436-99AF-4D80-B988-173A6F0EC123}.Ad-Hoc|Any CPU.Build.0 = Release|Any CPU
		{FAA24436-99AF-4D80-B988-173A6F0EC123}.Ad-Hoc|Any CPU.Deploy.0 = Release|Any CPU
		{FAA24436-99AF-4D80-B988-173A6F0EC123}.Ad-Hoc|iPhone.ActiveCfg = Release|Any CPU
		{FAA24436-99AF-4D80-B988-173A6F0EC123}.Ad-Hoc|iPhoneSimulator.ActiveCfg = Release|Any CPU
		{FAA24436-99AF-4D80-B988-173A6F0EC123}.Ad-Hoc|Mixed Platforms.ActiveCfg = Release|Any CPU
		{FAA24436-99AF-4D80-B988-173A6F0EC123}.Ad-Hoc|Mixed Platforms.Build.0 = Release|Any CPU
		{FAA24436-99AF-4D80-B988-173A6F0EC123}.Ad-Hoc|Mixed Platforms.Deploy.0 = Release|Any CPU
		{FAA24436-99AF-4D80-B988-173A6F0EC123}.AppStore|Any CPU.ActiveCfg = Release|Any CPU
		{FAA24436-99AF-4D80-B988-173A6F0EC123}.AppStore|Any CPU.Build.0 = Release|Any CPU
		{FAA24436-99AF-4D80-B988-173A6F0EC123}.AppStore|Any CPU.Deploy.0 = Release|Any CPU
		{FAA24436-99AF-4D80-B988-173A6F0EC123}.AppStore|iPhone.ActiveCfg = Release|Any CPU
		{FAA24436-99AF-4D80-B988-173A6F0EC123}.AppStore|iPhoneSimulator.ActiveCfg = Release|Any CPU
		{FAA24436-99AF-4D80-B988-173A6F0EC123}.AppStore|Mixed Platforms.ActiveCfg = Release|Any CPU
		{FAA24436-99AF-4D80-B988-173A6F0EC123}.AppStore|Mixed Platforms.Build.0 = Release|Any CPU
		{FAA24436-99AF-4D80-B988-173A6F0EC123}.AppStore|Mixed Platforms.Deploy.0 = Release|Any CPU
		{FAA24436-99AF-4D80-B988-173A6F0EC123}.Debug|Any CPU.ActiveCfg = Debug|Any CPU
		{FAA24436-99AF-4D80-B988-173A6F0EC123}.Debug|Any CPU.Build.0 = Debug|Any CPU
		{FAA24436-99AF-4D80-B988-173A6F0EC123}.Debug|Any CPU.Deploy.0 = Debug|Any CPU
		{FAA24436-99AF-4D80-B988-173A6F0EC123}.Debug|iPhone.ActiveCfg = Debug|Any CPU
		{FAA24436-99AF-4D80-B988-173A6F0EC123}.Debug|iPhoneSimulator.ActiveCfg = Debug|Any CPU
		{FAA24436-99AF-4D80-B988-173A6F0EC123}.Debug|Mixed Platforms.ActiveCfg = Debug|Any CPU
		{FAA24436-99AF-4D80-B988-173A6F0EC123}.Debug|Mixed Platforms.Build.0 = Debug|Any CPU
		{FAA24436-99AF-4D80-B988-173A6F0EC123}.Debug|Mixed Platforms.Deploy.0 = Debug|Any CPU
		{FAA24436-99AF-4D80-B988-173A6F0EC123}.Release|Any CPU.ActiveCfg = Release|Any CPU
		{FAA24436-99AF-4D80-B988-173A6F0EC123}.Release|Any CPU.Build.0 = Release|Any CPU
		{FAA24436-99AF-4D80-B988-173A6F0EC123}.Release|Any CPU.Deploy.0 = Release|Any CPU
		{FAA24436-99AF-4D80-B988-173A6F0EC123}.Release|iPhone.ActiveCfg = Release|Any CPU
		{FAA24436-99AF-4D80-B988-173A6F0EC123}.Release|iPhoneSimulator.ActiveCfg = Release|Any CPU
		{FAA24436-99AF-4D80-B988-173A6F0EC123}.Release|Mixed Platforms.ActiveCfg = Release|Any CPU
		{FAA24436-99AF-4D80-B988-173A6F0EC123}.Release|Mixed Platforms.Build.0 = Release|Any CPU
		{FAA24436-99AF-4D80-B988-173A6F0EC123}.Release|Mixed Platforms.Deploy.0 = Release|Any CPU
		{DC023E8E-0A50-44B4-88FF-768437D8ED53}.Ad-Hoc|Any CPU.ActiveCfg = Release|Any CPU
		{DC023E8E-0A50-44B4-88FF-768437D8ED53}.Ad-Hoc|Any CPU.Build.0 = Release|Any CPU
		{DC023E8E-0A50-44B4-88FF-768437D8ED53}.Ad-Hoc|iPhone.ActiveCfg = Release|Any CPU
		{DC023E8E-0A50-44B4-88FF-768437D8ED53}.Ad-Hoc|iPhone.Build.0 = Release|Any CPU
		{DC023E8E-0A50-44B4-88FF-768437D8ED53}.Ad-Hoc|iPhoneSimulator.ActiveCfg = Release|Any CPU
		{DC023E8E-0A50-44B4-88FF-768437D8ED53}.Ad-Hoc|iPhoneSimulator.Build.0 = Release|Any CPU
		{DC023E8E-0A50-44B4-88FF-768437D8ED53}.Ad-Hoc|Mixed Platforms.ActiveCfg = Release|Any CPU
		{DC023E8E-0A50-44B4-88FF-768437D8ED53}.Ad-Hoc|Mixed Platforms.Build.0 = Release|Any CPU
		{DC023E8E-0A50-44B4-88FF-768437D8ED53}.AppStore|Any CPU.ActiveCfg = Release|Any CPU
		{DC023E8E-0A50-44B4-88FF-768437D8ED53}.AppStore|Any CPU.Build.0 = Release|Any CPU
		{DC023E8E-0A50-44B4-88FF-768437D8ED53}.AppStore|iPhone.ActiveCfg = Release|Any CPU
		{DC023E8E-0A50-44B4-88FF-768437D8ED53}.AppStore|iPhone.Build.0 = Release|Any CPU
		{DC023E8E-0A50-44B4-88FF-768437D8ED53}.AppStore|iPhoneSimulator.ActiveCfg = Release|Any CPU
		{DC023E8E-0A50-44B4-88FF-768437D8ED53}.AppStore|iPhoneSimulator.Build.0 = Release|Any CPU
		{DC023E8E-0A50-44B4-88FF-768437D8ED53}.AppStore|Mixed Platforms.ActiveCfg = Release|Any CPU
		{DC023E8E-0A50-44B4-88FF-768437D8ED53}.AppStore|Mixed Platforms.Build.0 = Release|Any CPU
		{DC023E8E-0A50-44B4-88FF-768437D8ED53}.Debug|Any CPU.ActiveCfg = Debug|Any CPU
		{DC023E8E-0A50-44B4-88FF-768437D8ED53}.Debug|Any CPU.Build.0 = Debug|Any CPU
		{DC023E8E-0A50-44B4-88FF-768437D8ED53}.Debug|iPhone.ActiveCfg = Debug|Any CPU
		{DC023E8E-0A50-44B4-88FF-768437D8ED53}.Debug|iPhone.Build.0 = Debug|Any CPU
		{DC023E8E-0A50-44B4-88FF-768437D8ED53}.Debug|iPhoneSimulator.ActiveCfg = Debug|Any CPU
		{DC023E8E-0A50-44B4-88FF-768437D8ED53}.Debug|iPhoneSimulator.Build.0 = Debug|Any CPU
		{DC023E8E-0A50-44B4-88FF-768437D8ED53}.Debug|Mixed Platforms.ActiveCfg = Debug|Any CPU
		{DC023E8E-0A50-44B4-88FF-768437D8ED53}.Debug|Mixed Platforms.Build.0 = Debug|Any CPU
		{DC023E8E-0A50-44B4-88FF-768437D8ED53}.Release|Any CPU.ActiveCfg = Release|Any CPU
		{DC023E8E-0A50-44B4-88FF-768437D8ED53}.Release|Any CPU.Build.0 = Release|Any CPU
		{DC023E8E-0A50-44B4-88FF-768437D8ED53}.Release|iPhone.ActiveCfg = Release|Any CPU
		{DC023E8E-0A50-44B4-88FF-768437D8ED53}.Release|iPhone.Build.0 = Release|Any CPU
		{DC023E8E-0A50-44B4-88FF-768437D8ED53}.Release|iPhoneSimulator.ActiveCfg = Release|Any CPU
		{DC023E8E-0A50-44B4-88FF-768437D8ED53}.Release|iPhoneSimulator.Build.0 = Release|Any CPU
		{DC023E8E-0A50-44B4-88FF-768437D8ED53}.Release|Mixed Platforms.ActiveCfg = Release|Any CPU
		{DC023E8E-0A50-44B4-88FF-768437D8ED53}.Release|Mixed Platforms.Build.0 = Release|Any CPU
		{40E5CE06-DBB8-4963-B7AF-A8D8D367B2F4}.Ad-Hoc|Any CPU.ActiveCfg = Ad-Hoc|iPhone
		{40E5CE06-DBB8-4963-B7AF-A8D8D367B2F4}.Ad-Hoc|iPhone.ActiveCfg = Ad-Hoc|iPhone
		{40E5CE06-DBB8-4963-B7AF-A8D8D367B2F4}.Ad-Hoc|iPhone.Build.0 = Ad-Hoc|iPhone
		{40E5CE06-DBB8-4963-B7AF-A8D8D367B2F4}.Ad-Hoc|iPhoneSimulator.ActiveCfg = Ad-Hoc|iPhoneSimulator
		{40E5CE06-DBB8-4963-B7AF-A8D8D367B2F4}.Ad-Hoc|iPhoneSimulator.Build.0 = Ad-Hoc|iPhoneSimulator
		{40E5CE06-DBB8-4963-B7AF-A8D8D367B2F4}.Ad-Hoc|Mixed Platforms.ActiveCfg = Ad-Hoc|iPhone
		{40E5CE06-DBB8-4963-B7AF-A8D8D367B2F4}.Ad-Hoc|Mixed Platforms.Build.0 = Ad-Hoc|iPhone
		{40E5CE06-DBB8-4963-B7AF-A8D8D367B2F4}.AppStore|Any CPU.ActiveCfg = AppStore|iPhone
		{40E5CE06-DBB8-4963-B7AF-A8D8D367B2F4}.AppStore|iPhone.ActiveCfg = AppStore|iPhone
		{40E5CE06-DBB8-4963-B7AF-A8D8D367B2F4}.AppStore|iPhone.Build.0 = AppStore|iPhone
		{40E5CE06-DBB8-4963-B7AF-A8D8D367B2F4}.AppStore|iPhoneSimulator.ActiveCfg = AppStore|iPhoneSimulator
		{40E5CE06-DBB8-4963-B7AF-A8D8D367B2F4}.AppStore|iPhoneSimulator.Build.0 = AppStore|iPhoneSimulator
		{40E5CE06-DBB8-4963-B7AF-A8D8D367B2F4}.AppStore|Mixed Platforms.ActiveCfg = AppStore|iPhone
		{40E5CE06-DBB8-4963-B7AF-A8D8D367B2F4}.AppStore|Mixed Platforms.Build.0 = AppStore|iPhone
		{40E5CE06-DBB8-4963-B7AF-A8D8D367B2F4}.Debug|Any CPU.ActiveCfg = Debug|iPhone
		{40E5CE06-DBB8-4963-B7AF-A8D8D367B2F4}.Debug|iPhone.ActiveCfg = Debug|iPhone
		{40E5CE06-DBB8-4963-B7AF-A8D8D367B2F4}.Debug|iPhone.Build.0 = Debug|iPhone
		{40E5CE06-DBB8-4963-B7AF-A8D8D367B2F4}.Debug|iPhoneSimulator.ActiveCfg = Debug|iPhoneSimulator
		{40E5CE06-DBB8-4963-B7AF-A8D8D367B2F4}.Debug|iPhoneSimulator.Build.0 = Debug|iPhoneSimulator
		{40E5CE06-DBB8-4963-B7AF-A8D8D367B2F4}.Debug|Mixed Platforms.ActiveCfg = Debug|iPhone
		{40E5CE06-DBB8-4963-B7AF-A8D8D367B2F4}.Debug|Mixed Platforms.Build.0 = Debug|iPhone
		{40E5CE06-DBB8-4963-B7AF-A8D8D367B2F4}.Release|Any CPU.ActiveCfg = Release|iPhone
		{40E5CE06-DBB8-4963-B7AF-A8D8D367B2F4}.Release|iPhone.ActiveCfg = Release|iPhone
		{40E5CE06-DBB8-4963-B7AF-A8D8D367B2F4}.Release|iPhone.Build.0 = Release|iPhone
		{40E5CE06-DBB8-4963-B7AF-A8D8D367B2F4}.Release|iPhoneSimulator.ActiveCfg = Release|iPhoneSimulator
		{40E5CE06-DBB8-4963-B7AF-A8D8D367B2F4}.Release|iPhoneSimulator.Build.0 = Release|iPhoneSimulator
		{40E5CE06-DBB8-4963-B7AF-A8D8D367B2F4}.Release|Mixed Platforms.ActiveCfg = Release|iPhone
		{40E5CE06-DBB8-4963-B7AF-A8D8D367B2F4}.Release|Mixed Platforms.Build.0 = Release|iPhone
	EndGlobalSection
	GlobalSection(SolutionProperties) = preSolution
		HideSolutionNode = FALSE
	EndGlobalSection
EndGlobal
